// !$*UTF8*$!
{
	archiveVersion = 1;
	classes = {
	};
	objectVersion = 56;
	objects = {

/* Begin PBXBuildFile section */
		DC0281952AFCEB9200E98D92 /* FootballMatchesApp.swift in Sources */ = {isa = PBXBuildFile; fileRef = DC0281942AFCEB9200E98D92 /* FootballMatchesApp.swift */; };
		DC0281972AFCEB9200E98D92 /* RootView.swift in Sources */ = {isa = PBXBuildFile; fileRef = DC0281962AFCEB9200E98D92 /* RootView.swift */; };
		DC0281992AFCEB9300E98D92 /* Assets.xcassets in Resources */ = {isa = PBXBuildFile; fileRef = DC0281982AFCEB9300E98D92 /* Assets.xcassets */; };
		DC02819C2AFCEB9300E98D92 /* Preview Assets.xcassets in Resources */ = {isa = PBXBuildFile; fileRef = DC02819B2AFCEB9300E98D92 /* Preview Assets.xcassets */; };
		DC0281A32AFCEBC800E98D92 /* MatchCell.swift in Sources */ = {isa = PBXBuildFile; fileRef = DC0281A22AFCEBC800E98D92 /* MatchCell.swift */; };
		DCA06AEC2AFCFD9B0062C617 /* PilatExtended-Bold.ttf in Resources */ = {isa = PBXBuildFile; fileRef = DCA06AEB2AFCFD9B0062C617 /* PilatExtended-Bold.ttf */; };
		DCA06AEE2AFCFE240062C617 /* Match.swift in Sources */ = {isa = PBXBuildFile; fileRef = DCA06AED2AFCFE240062C617 /* Match.swift */; };
		DCA06AF22AFCFEF20062C617 /* DataManager.swift in Sources */ = {isa = PBXBuildFile; fileRef = DCA06AF12AFCFEF20062C617 /* DataManager.swift */; };
		DCA06AF62AFD04D40062C617 /* Command.swift in Sources */ = {isa = PBXBuildFile; fileRef = DCA06AF52AFD04D40062C617 /* Command.swift */; };
		DCA06AF92AFD075A0062C617 /* MatcheListView.swift in Sources */ = {isa = PBXBuildFile; fileRef = DCA06AF82AFD075A0062C617 /* MatcheListView.swift */; };
		DCA06AFD2AFD10BE0062C617 /* MatchDetailsView.swift in Sources */ = {isa = PBXBuildFile; fileRef = DCA06AFC2AFD10BE0062C617 /* MatchDetailsView.swift */; };
		DCA06AFF2AFD11010062C617 /* BackgroundView.swift in Sources */ = {isa = PBXBuildFile; fileRef = DCA06AFE2AFD11010062C617 /* BackgroundView.swift */; };
		DCA06B012AFD11510062C617 /* MatchDetail.swift in Sources */ = {isa = PBXBuildFile; fileRef = DCA06B002AFD11510062C617 /* MatchDetail.swift */; };
		DCA06B052AFD1DD50062C617 /* ScoreDetail.swift in Sources */ = {isa = PBXBuildFile; fileRef = DCA06B042AFD1DD50062C617 /* ScoreDetail.swift */; };
		DCA06B072AFD20650062C617 /* CustomButton.swift in Sources */ = {isa = PBXBuildFile; fileRef = DCA06B062AFD20650062C617 /* CustomButton.swift */; };
		DCA06B092AFD21160062C617 /* MatchSmallRow.swift in Sources */ = {isa = PBXBuildFile; fileRef = DCA06B082AFD21160062C617 /* MatchSmallRow.swift */; };
		DCA06B0D2AFD27CC0062C617 /* Statistic.swift in Sources */ = {isa = PBXBuildFile; fileRef = DCA06B0C2AFD27CC0062C617 /* Statistic.swift */; };
		DCA06B0F2AFD2A4B0062C617 /* StatisticRow.swift in Sources */ = {isa = PBXBuildFile; fileRef = DCA06B0E2AFD2A4A0062C617 /* StatisticRow.swift */; };
		DCAC88332AFCF4F40002900F /* SF-Pro.ttf in Resources */ = {isa = PBXBuildFile; fileRef = DCAC88322AFCF49A0002900F /* SF-Pro.ttf */; };
		DCAC88382AFCF9830002900F /* Color + Extension.swift in Sources */ = {isa = PBXBuildFile; fileRef = DCAC88372AFCF9830002900F /* Color + Extension.swift */; };
/* End PBXBuildFile section */

/* Begin PBXFileReference section */
		DC0281912AFCEB9200E98D92 /* FootballMatches.app */ = {isa = PBXFileReference; explicitFileType = wrapper.application; includeInIndex = 0; path = FootballMatches.app; sourceTree = BUILT_PRODUCTS_DIR; };
		DC0281942AFCEB9200E98D92 /* FootballMatchesApp.swift */ = {isa = PBXFileReference; lastKnownFileType = sourcecode.swift; path = FootballMatchesApp.swift; sourceTree = "<group>"; };
		DC0281962AFCEB9200E98D92 /* RootView.swift */ = {isa = PBXFileReference; lastKnownFileType = sourcecode.swift; path = RootView.swift; sourceTree = "<group>"; };
		DC0281982AFCEB9300E98D92 /* Assets.xcassets */ = {isa = PBXFileReference; lastKnownFileType = folder.assetcatalog; path = Assets.xcassets; sourceTree = "<group>"; };
		DC02819B2AFCEB9300E98D92 /* Preview Assets.xcassets */ = {isa = PBXFileReference; lastKnownFileType = folder.assetcatalog; path = "Preview Assets.xcassets"; sourceTree = "<group>"; };
		DC0281A22AFCEBC800E98D92 /* MatchCell.swift */ = {isa = PBXFileReference; lastKnownFileType = sourcecode.swift; path = MatchCell.swift; sourceTree = "<group>"; };
		DCA06AEB2AFCFD9B0062C617 /* PilatExtended-Bold.ttf */ = {isa = PBXFileReference; lastKnownFileType = file; path = "PilatExtended-Bold.ttf"; sourceTree = "<group>"; };
		DCA06AED2AFCFE240062C617 /* Match.swift */ = {isa = PBXFileReference; lastKnownFileType = sourcecode.swift; path = Match.swift; sourceTree = "<group>"; };
		DCA06AF12AFCFEF20062C617 /* DataManager.swift */ = {isa = PBXFileReference; lastKnownFileType = sourcecode.swift; path = DataManager.swift; sourceTree = "<group>"; };
		DCA06AF52AFD04D40062C617 /* Command.swift */ = {isa = PBXFileReference; lastKnownFileType = sourcecode.swift; path = Command.swift; sourceTree = "<group>"; };
		DCA06AF82AFD075A0062C617 /* MatcheListView.swift */ = {isa = PBXFileReference; lastKnownFileType = sourcecode.swift; path = MatcheListView.swift; sourceTree = "<group>"; };
		DCA06AFC2AFD10BE0062C617 /* MatchDetailsView.swift */ = {isa = PBXFileReference; lastKnownFileType = sourcecode.swift; path = MatchDetailsView.swift; sourceTree = "<group>"; };
		DCA06AFE2AFD11010062C617 /* BackgroundView.swift */ = {isa = PBXFileReference; lastKnownFileType = sourcecode.swift; path = BackgroundView.swift; sourceTree = "<group>"; };
		DCA06B002AFD11510062C617 /* MatchDetail.swift */ = {isa = PBXFileReference; lastKnownFileType = sourcecode.swift; path = MatchDetail.swift; sourceTree = "<group>"; };
		DCA06B042AFD1DD50062C617 /* ScoreDetail.swift */ = {isa = PBXFileReference; lastKnownFileType = sourcecode.swift; path = ScoreDetail.swift; sourceTree = "<group>"; };
		DCA06B062AFD20650062C617 /* CustomButton.swift */ = {isa = PBXFileReference; lastKnownFileType = sourcecode.swift; path = CustomButton.swift; sourceTree = "<group>"; };
		DCA06B082AFD21160062C617 /* MatchSmallRow.swift */ = {isa = PBXFileReference; lastKnownFileType = sourcecode.swift; path = MatchSmallRow.swift; sourceTree = "<group>"; };
		DCA06B0C2AFD27CC0062C617 /* Statistic.swift */ = {isa = PBXFileReference; lastKnownFileType = sourcecode.swift; path = Statistic.swift; sourceTree = "<group>"; };
		DCA06B0E2AFD2A4A0062C617 /* StatisticRow.swift */ = {isa = PBXFileReference; lastKnownFileType = sourcecode.swift; path = StatisticRow.swift; sourceTree = "<group>"; };
		DCAC88322AFCF49A0002900F /* SF-Pro.ttf */ = {isa = PBXFileReference; lastKnownFileType = file; path = "SF-Pro.ttf"; sourceTree = "<group>"; };
		DCAC88342AFCF57D0002900F /* Info.plist */ = {isa = PBXFileReference; lastKnownFileType = text.plist; path = Info.plist; sourceTree = "<group>"; };
		DCAC88372AFCF9830002900F /* Color + Extension.swift */ = {isa = PBXFileReference; lastKnownFileType = sourcecode.swift; path = "Color + Extension.swift"; sourceTree = "<group>"; };
/* End PBXFileReference section */

/* Begin PBXFrameworksBuildPhase section */
		DC02818E2AFCEB9200E98D92 /* Frameworks */ = {
			isa = PBXFrameworksBuildPhase;
			buildActionMask = 2147483647;
			files = (
			);
			runOnlyForDeploymentPostprocessing = 0;
		};
/* End PBXFrameworksBuildPhase section */

/* Begin PBXGroup section */
		DC0281882AFCEB9200E98D92 = {
			isa = PBXGroup;
			children = (
				DC0281932AFCEB9200E98D92 /* FootballMatches */,
				DC0281922AFCEB9200E98D92 /* Products */,
			);
			sourceTree = "<group>";
		};
		DC0281922AFCEB9200E98D92 /* Products */ = {
			isa = PBXGroup;
			children = (
				DC0281912AFCEB9200E98D92 /* FootballMatches.app */,
			);
			name = Products;
			sourceTree = "<group>";
		};
		DC0281932AFCEB9200E98D92 /* FootballMatches */ = {
			isa = PBXGroup;
			children = (
				DCA06AF72AFD07400062C617 /* App */,
				DCA06B102AFD2E040062C617 /* Root */,
				DCA06AFB2AFD10AD0062C617 /* MatchDetails */,
				DCA06AFA2AFD075D0062C617 /* MatchList */,
				DCA06AF02AFCFEE40062C617 /* Service */,
				DCA06AEF2AFCFE270062C617 /* Model */,
				DC0281A52AFCF25A00E98D92 /* Font */,
				DCA06AF32AFD02810062C617 /* Components */,
				DCA06AF42AFD038E0062C617 /* Extension */,
				DCAC88342AFCF57D0002900F /* Info.plist */,
				DC0281982AFCEB9300E98D92 /* Assets.xcassets */,
				DC02819A2AFCEB9300E98D92 /* Preview Content */,
			);
			path = FootballMatches;
			sourceTree = "<group>";
		};
		DC02819A2AFCEB9300E98D92 /* Preview Content */ = {
			isa = PBXGroup;
			children = (
				DC02819B2AFCEB9300E98D92 /* Preview Assets.xcassets */,
			);
			path = "Preview Content";
			sourceTree = "<group>";
		};
		DC0281A52AFCF25A00E98D92 /* Font */ = {
			isa = PBXGroup;
			children = (
				DCA06AEB2AFCFD9B0062C617 /* PilatExtended-Bold.ttf */,
				DCAC88322AFCF49A0002900F /* SF-Pro.ttf */,
			);
			path = Font;
			sourceTree = "<group>";
		};
		DCA06AEF2AFCFE270062C617 /* Model */ = {
			isa = PBXGroup;
			children = (
				DCA06AED2AFCFE240062C617 /* Match.swift */,
				DCA06B0C2AFD27CC0062C617 /* Statistic.swift */,
			);
			path = Model;
			sourceTree = "<group>";
		};
		DCA06AF02AFCFEE40062C617 /* Service */ = {
			isa = PBXGroup;
			children = (
				DCA06AF12AFCFEF20062C617 /* DataManager.swift */,
			);
			path = Service;
			sourceTree = "<group>";
		};
		DCA06AF32AFD02810062C617 /* Components */ = {
			isa = PBXGroup;
			children = (
				DC0281A22AFCEBC800E98D92 /* MatchCell.swift */,
				DCA06B002AFD11510062C617 /* MatchDetail.swift */,
				DCA06AF52AFD04D40062C617 /* Command.swift */,
				DCA06AFE2AFD11010062C617 /* BackgroundView.swift */,
				DCA06B042AFD1DD50062C617 /* ScoreDetail.swift */,
				DCA06B062AFD20650062C617 /* CustomButton.swift */,
				DCA06B082AFD21160062C617 /* MatchSmallRow.swift */,
				DCA06B0E2AFD2A4A0062C617 /* StatisticRow.swift */,
			);
			path = Components;
			sourceTree = "<group>";
		};
		DCA06AF42AFD038E0062C617 /* Extension */ = {
			isa = PBXGroup;
			children = (
				DCAC88372AFCF9830002900F /* Color + Extension.swift */,
			);
			path = Extension;
			sourceTree = "<group>";
		};
		DCA06AF72AFD07400062C617 /* App */ = {
			isa = PBXGroup;
			children = (
				DC0281942AFCEB9200E98D92 /* FootballMatchesApp.swift */,
			);
			path = App;
			sourceTree = "<group>";
		};
		DCA06AFA2AFD075D0062C617 /* MatchList */ = {
			isa = PBXGroup;
			children = (
				DCA06AF82AFD075A0062C617 /* MatcheListView.swift */,
			);
			path = MatchList;
			sourceTree = "<group>";
		};
		DCA06AFB2AFD10AD0062C617 /* MatchDetails */ = {
			isa = PBXGroup;
			children = (
				DCA06AFC2AFD10BE0062C617 /* MatchDetailsView.swift */,
			);
			path = MatchDetails;
			sourceTree = "<group>";
		};
		DCA06B102AFD2E040062C617 /* Root */ = {
			isa = PBXGroup;
			children = (
				DC0281962AFCEB9200E98D92 /* RootView.swift */,
			);
			path = Root;
			sourceTree = "<group>";
		};
/* End PBXGroup section */

/* Begin PBXNativeTarget section */
		DC0281902AFCEB9200E98D92 /* FootballMatches */ = {
			isa = PBXNativeTarget;
			buildConfigurationList = DC02819F2AFCEB9300E98D92 /* Build configuration list for PBXNativeTarget "FootballMatches" */;
			buildPhases = (
				DC02818D2AFCEB9200E98D92 /* Sources */,
				DC02818E2AFCEB9200E98D92 /* Frameworks */,
				DC02818F2AFCEB9200E98D92 /* Resources */,
			);
			buildRules = (
			);
			dependencies = (
			);
			name = FootballMatches;
			productName = FootballMatches;
			productReference = DC0281912AFCEB9200E98D92 /* FootballMatches.app */;
			productType = "com.apple.product-type.application";
		};
/* End PBXNativeTarget section */

/* Begin PBXProject section */
		DC0281892AFCEB9200E98D92 /* Project object */ = {
			isa = PBXProject;
			attributes = {
				BuildIndependentTargetsInParallel = 1;
				LastSwiftUpdateCheck = 1430;
				LastUpgradeCheck = 1430;
				TargetAttributes = {
					DC0281902AFCEB9200E98D92 = {
						CreatedOnToolsVersion = 14.3;
					};
				};
			};
			buildConfigurationList = DC02818C2AFCEB9200E98D92 /* Build configuration list for PBXProject "FootballMatches" */;
			compatibilityVersion = "Xcode 14.0";
			developmentRegion = en;
			hasScannedForEncodings = 0;
			knownRegions = (
				en,
				Base,
			);
			mainGroup = DC0281882AFCEB9200E98D92;
			productRefGroup = DC0281922AFCEB9200E98D92 /* Products */;
			projectDirPath = "";
			projectRoot = "";
			targets = (
				DC0281902AFCEB9200E98D92 /* FootballMatches */,
			);
		};
/* End PBXProject section */

/* Begin PBXResourcesBuildPhase section */
		DC02818F2AFCEB9200E98D92 /* Resources */ = {
			isa = PBXResourcesBuildPhase;
			buildActionMask = 2147483647;
			files = (
				DC02819C2AFCEB9300E98D92 /* Preview Assets.xcassets in Resources */,
				DCAC88332AFCF4F40002900F /* SF-Pro.ttf in Resources */,
				DC0281992AFCEB9300E98D92 /* Assets.xcassets in Resources */,
				DCA06AEC2AFCFD9B0062C617 /* PilatExtended-Bold.ttf in Resources */,
			);
			runOnlyForDeploymentPostprocessing = 0;
		};
/* End PBXResourcesBuildPhase section */

/* Begin PBXSourcesBuildPhase section */
		DC02818D2AFCEB9200E98D92 /* Sources */ = {
			isa = PBXSourcesBuildPhase;
			buildActionMask = 2147483647;
			files = (
				DCA06B072AFD20650062C617 /* CustomButton.swift in Sources */,
				DCA06AFF2AFD11010062C617 /* BackgroundView.swift in Sources */,
				DCA06AFD2AFD10BE0062C617 /* MatchDetailsView.swift in Sources */,
				DCA06B0D2AFD27CC0062C617 /* Statistic.swift in Sources */,
				DCA06AF92AFD075A0062C617 /* MatcheListView.swift in Sources */,
				DCA06B092AFD21160062C617 /* MatchSmallRow.swift in Sources */,
				DC0281A32AFCEBC800E98D92 /* MatchCell.swift in Sources */,
				DCA06AF22AFCFEF20062C617 /* DataManager.swift in Sources */,
				DCAC88382AFCF9830002900F /* Color + Extension.swift in Sources */,
				DC0281972AFCEB9200E98D92 /* RootView.swift in Sources */,
				DCA06B052AFD1DD50062C617 /* ScoreDetail.swift in Sources */,
				DCA06AF62AFD04D40062C617 /* Command.swift in Sources */,
				DCA06AEE2AFCFE240062C617 /* Match.swift in Sources */,
				DCA06B0F2AFD2A4B0062C617 /* StatisticRow.swift in Sources */,
				DC0281952AFCEB9200E98D92 /* FootballMatchesApp.swift in Sources */,
				DCA06B012AFD11510062C617 /* MatchDetail.swift in Sources */,
			);
			runOnlyForDeploymentPostprocessing = 0;
		};
/* End PBXSourcesBuildPhase section */

/* Begin XCBuildConfiguration section */
		DC02819D2AFCEB9300E98D92 /* Debug */ = {
			isa = XCBuildConfiguration;
			buildSettings = {
				ALWAYS_SEARCH_USER_PATHS = NO;
				CLANG_ANALYZER_NONNULL = YES;
				CLANG_ANALYZER_NUMBER_OBJECT_CONVERSION = YES_AGGRESSIVE;
				CLANG_CXX_LANGUAGE_STANDARD = "gnu++20";
				CLANG_ENABLE_MODULES = YES;
				CLANG_ENABLE_OBJC_ARC = YES;
				CLANG_ENABLE_OBJC_WEAK = YES;
				CLANG_WARN_BLOCK_CAPTURE_AUTORELEASING = YES;
				CLANG_WARN_BOOL_CONVERSION = YES;
				CLANG_WARN_COMMA = YES;
				CLANG_WARN_CONSTANT_CONVERSION = YES;
				CLANG_WARN_DEPRECATED_OBJC_IMPLEMENTATIONS = YES;
				CLANG_WARN_DIRECT_OBJC_ISA_USAGE = YES_ERROR;
				CLANG_WARN_DOCUMENTATION_COMMENTS = YES;
				CLANG_WARN_EMPTY_BODY = YES;
				CLANG_WARN_ENUM_CONVERSION = YES;
				CLANG_WARN_INFINITE_RECURSION = YES;
				CLANG_WARN_INT_CONVERSION = YES;
				CLANG_WARN_NON_LITERAL_NULL_CONVERSION = YES;
				CLANG_WARN_OBJC_IMPLICIT_RETAIN_SELF = YES;
				CLANG_WARN_OBJC_LITERAL_CONVERSION = YES;
				CLANG_WARN_OBJC_ROOT_CLASS = YES_ERROR;
				CLANG_WARN_QUOTED_INCLUDE_IN_FRAMEWORK_HEADER = YES;
				CLANG_WARN_RANGE_LOOP_ANALYSIS = YES;
				CLANG_WARN_STRICT_PROTOTYPES = YES;
				CLANG_WARN_SUSPICIOUS_MOVE = YES;
				CLANG_WARN_UNGUARDED_AVAILABILITY = YES_AGGRESSIVE;
				CLANG_WARN_UNREACHABLE_CODE = YES;
				CLANG_WARN__DUPLICATE_METHOD_MATCH = YES;
				COPY_PHASE_STRIP = NO;
				DEBUG_INFORMATION_FORMAT = dwarf;
				ENABLE_STRICT_OBJC_MSGSEND = YES;
				ENABLE_TESTABILITY = YES;
				GCC_C_LANGUAGE_STANDARD = gnu11;
				GCC_DYNAMIC_NO_PIC = NO;
				GCC_NO_COMMON_BLOCKS = YES;
				GCC_OPTIMIZATION_LEVEL = 0;
				GCC_PREPROCESSOR_DEFINITIONS = (
					"DEBUG=1",
					"$(inherited)",
				);
				GCC_WARN_64_TO_32_BIT_CONVERSION = YES;
				GCC_WARN_ABOUT_RETURN_TYPE = YES_ERROR;
				GCC_WARN_UNDECLARED_SELECTOR = YES;
				GCC_WARN_UNINITIALIZED_AUTOS = YES_AGGRESSIVE;
				GCC_WARN_UNUSED_FUNCTION = YES;
				GCC_WARN_UNUSED_VARIABLE = YES;
				IPHONEOS_DEPLOYMENT_TARGET = 16.4;
				MTL_ENABLE_DEBUG_INFO = INCLUDE_SOURCE;
				MTL_FAST_MATH = YES;
				ONLY_ACTIVE_ARCH = YES;
				SDKROOT = iphoneos;
				SWIFT_ACTIVE_COMPILATION_CONDITIONS = DEBUG;
				SWIFT_OPTIMIZATION_LEVEL = "-Onone";
			};
			name = Debug;
		};
		DC02819E2AFCEB9300E98D92 /* Release */ = {
			isa = XCBuildConfiguration;
			buildSettings = {
				ALWAYS_SEARCH_USER_PATHS = NO;
				CLANG_ANALYZER_NONNULL = YES;
				CLANG_ANALYZER_NUMBER_OBJECT_CONVERSION = YES_AGGRESSIVE;
				CLANG_CXX_LANGUAGE_STANDARD = "gnu++20";
				CLANG_ENABLE_MODULES = YES;
				CLANG_ENABLE_OBJC_ARC = YES;
				CLANG_ENABLE_OBJC_WEAK = YES;
				CLANG_WARN_BLOCK_CAPTURE_AUTORELEASING = YES;
				CLANG_WARN_BOOL_CONVERSION = YES;
				CLANG_WARN_COMMA = YES;
				CLANG_WARN_CONSTANT_CONVERSION = YES;
				CLANG_WARN_DEPRECATED_OBJC_IMPLEMENTATIONS = YES;
				CLANG_WARN_DIRECT_OBJC_ISA_USAGE = YES_ERROR;
				CLANG_WARN_DOCUMENTATION_COMMENTS = YES;
				CLANG_WARN_EMPTY_BODY = YES;
				CLANG_WARN_ENUM_CONVERSION = YES;
				CLANG_WARN_INFINITE_RECURSION = YES;
				CLANG_WARN_INT_CONVERSION = YES;
				CLANG_WARN_NON_LITERAL_NULL_CONVERSION = YES;
				CLANG_WARN_OBJC_IMPLICIT_RETAIN_SELF = YES;
				CLANG_WARN_OBJC_LITERAL_CONVERSION = YES;
				CLANG_WARN_OBJC_ROOT_CLASS = YES_ERROR;
				CLANG_WARN_QUOTED_INCLUDE_IN_FRAMEWORK_HEADER = YES;
				CLANG_WARN_RANGE_LOOP_ANALYSIS = YES;
				CLANG_WARN_STRICT_PROTOTYPES = YES;
				CLANG_WARN_SUSPICIOUS_MOVE = YES;
				CLANG_WARN_UNGUARDED_AVAILABILITY = YES_AGGRESSIVE;
				CLANG_WARN_UNREACHABLE_CODE = YES;
				CLANG_WARN__DUPLICATE_METHOD_MATCH = YES;
				COPY_PHASE_STRIP = NO;
				DEBUG_INFORMATION_FORMAT = "dwarf-with-dsym";
				ENABLE_NS_ASSERTIONS = NO;
				ENABLE_STRICT_OBJC_MSGSEND = YES;
				GCC_C_LANGUAGE_STANDARD = gnu11;
				GCC_NO_COMMON_BLOCKS = YES;
				GCC_WARN_64_TO_32_BIT_CONVERSION = YES;
				GCC_WARN_ABOUT_RETURN_TYPE = YES_ERROR;
				GCC_WARN_UNDECLARED_SELECTOR = YES;
				GCC_WARN_UNINITIALIZED_AUTOS = YES_AGGRESSIVE;
				GCC_WARN_UNUSED_FUNCTION = YES;
				GCC_WARN_UNUSED_VARIABLE = YES;
				IPHONEOS_DEPLOYMENT_TARGET = 16.4;
				MTL_ENABLE_DEBUG_INFO = NO;
				MTL_FAST_MATH = YES;
				SDKROOT = iphoneos;
				SWIFT_COMPILATION_MODE = wholemodule;
				SWIFT_OPTIMIZATION_LEVEL = "-O";
				VALIDATE_PRODUCT = YES;
			};
			name = Release;
		};
		DC0281A02AFCEB9300E98D92 /* Debug */ = {
			isa = XCBuildConfiguration;
			buildSettings = {
				ASSETCATALOG_COMPILER_APPICON_NAME = AppIcon;
				ASSETCATALOG_COMPILER_GLOBAL_ACCENT_COLOR_NAME = AccentColor;
				CODE_SIGN_STYLE = Automatic;
				CURRENT_PROJECT_VERSION = 1;
				DEVELOPMENT_ASSET_PATHS = "\"FootballMatches/Preview Content\"";
				DEVELOPMENT_TEAM = 5KN7899368;
				ENABLE_PREVIEWS = YES;
				GENERATE_INFOPLIST_FILE = YES;
				INFOPLIST_FILE = FootballMatches/Info.plist;
				INFOPLIST_KEY_UIApplicationSceneManifest_Generation = YES;
				INFOPLIST_KEY_UIApplicationSupportsIndirectInputEvents = YES;
				INFOPLIST_KEY_UILaunchScreen_Generation = YES;
				INFOPLIST_KEY_UISupportedInterfaceOrientations_iPad = "UIInterfaceOrientationPortrait UIInterfaceOrientationPortraitUpsideDown UIInterfaceOrientationLandscapeLeft UIInterfaceOrientationLandscapeRight";
				INFOPLIST_KEY_UISupportedInterfaceOrientations_iPhone = "UIInterfaceOrientationPortrait UIInterfaceOrientationLandscapeLeft UIInterfaceOrientationLandscapeRight";
				LD_RUNPATH_SEARCH_PATHS = (
					"$(inherited)",
					"@executable_path/Frameworks",
				);
				MARKETING_VERSION = 1.0;
				PRODUCT_BUNDLE_IDENTIFIER = klimenko.FootballMatches;
				PRODUCT_NAME = "$(TARGET_NAME)";
				SWIFT_EMIT_LOC_STRINGS = YES;
				SWIFT_VERSION = 5.0;
				TARGETED_DEVICE_FAMILY = "1,2";
			};
			name = Debug;
		};
		DC0281A12AFCEB9300E98D92 /* Release */ = {
			isa = XCBuildConfiguration;
			buildSettings = {
				ASSETCATALOG_COMPILER_APPICON_NAME = AppIcon;
				ASSETCATALOG_COMPILER_GLOBAL_ACCENT_COLOR_NAME = AccentColor;
				CODE_SIGN_STYLE = Automatic;
				CURRENT_PROJECT_VERSION = 1;
				DEVELOPMENT_ASSET_PATHS = "\"FootballMatches/Preview Content\"";
				DEVELOPMENT_TEAM = 5KN7899368;
				ENABLE_PREVIEWS = YES;
				GENERATE_INFOPLIST_FILE = YES;
				INFOPLIST_FILE = FootballMatches/Info.plist;
				INFOPLIST_KEY_UIApplicationSceneManifest_Generation = YES;
				INFOPLIST_KEY_UIApplicationSupportsIndirectInputEvents = YES;
				INFOPLIST_KEY_UILaunchScreen_Generation = YES;
				INFOPLIST_KEY_UISupportedInterfaceOrientations_iPad = "UIInterfaceOrientationPortrait UIInterfaceOrientationPortraitUpsideDown UIInterfaceOrientationLandscapeLeft UIInterfaceOrientationLandscapeRight";
				INFOPLIST_KEY_UISupportedInterfaceOrientations_iPhone = "UIInterfaceOrientationPortrait UIInterfaceOrientationLandscapeLeft UIInterfaceOrientationLandscapeRight";
				LD_RUNPATH_SEARCH_PATHS = (
					"$(inherited)",
					"@executable_path/Frameworks",
				);
				MARKETING_VERSION = 1.0;
				PRODUCT_BUNDLE_IDENTIFIER = klimenko.FootballMatches;
				PRODUCT_NAME = "$(TARGET_NAME)";
				SWIFT_EMIT_LOC_STRINGS = YES;
				SWIFT_VERSION = 5.0;
				TARGETED_DEVICE_FAMILY = "1,2";
			};
			name = Release;
		};
/* End XCBuildConfiguration section */

/* Begin XCConfigurationList section */
		DC02818C2AFCEB9200E98D92 /* Build configuration list for PBXProject "FootballMatches" */ = {
			isa = XCConfigurationList;
			buildConfigurations = (
				DC02819D2AFCEB9300E98D92 /* Debug */,
				DC02819E2AFCEB9300E98D92 /* Release */,
			);
			defaultConfigurationIsVisible = 0;
			defaultConfigurationName = Release;
		};
		DC02819F2AFCEB9300E98D92 /* Build configuration list for PBXNativeTarget "FootballMatches" */ = {
			isa = XCConfigurationList;
			buildConfigurations = (
				DC0281A02AFCEB9300E98D92 /* Debug */,
				DC0281A12AFCEB9300E98D92 /* Release */,
			);
			defaultConfigurationIsVisible = 0;
			defaultConfigurationName = Release;
		};
/* End XCConfigurationList section */
	};
	rootObject = DC0281892AFCEB9200E98D92 /* Project object */;
}
